
Microsoft Visual Studio Solution File, Format Version 11.00
# Visual Studio 2010
Project("{FAE04EC0-301F-11D3-BF4B-00C04F79EFBC}") = "ARChess", "ARChess\ARChess\ARChess.csproj", "{2DD7AB91-FD27-4F39-9729-8A1EEBE50B10}"
EndProject
Project("{FAE04EC0-301F-11D3-BF4B-00C04F79EFBC}") = "ARChessLib", "ARChess\ARChessLib\ARChessLib.csproj", "{EE992FEA-8415-499E-9E8A-8FA2F3003FC4}"
EndProject
Project("{96E2B04D-8817-42C6-938A-82C39BA4D311}") = "ARChessLibContent", "ARChess\ARChessLibContent\ARChessLibContent.contentproj", "{8A683650-5452-40C4-8C1C-BB73D59568E1}"
EndProject
Global
	GlobalSection(SolutionConfigurationPlatforms) = preSolution
		Debug|Any CPU = Debug|Any CPU
		Debug|Mixed Platforms = Debug|Mixed Platforms
		Debug|Windows Phone = Debug|Windows Phone
		Release|Any CPU = Release|Any CPU
		Release|Mixed Platforms = Release|Mixed Platforms
		Release|Windows Phone = Release|Windows Phone
	EndGlobalSection
	GlobalSection(ProjectConfigurationPlatforms) = postSolution
		{2DD7AB91-FD27-4F39-9729-8A1EEBE50B10}.Debug|Any CPU.ActiveCfg = Debug|Any CPU
		{2DD7AB91-FD27-4F39-9729-8A1EEBE50B10}.Debug|Any CPU.Build.0 = Debug|Any CPU
		{2DD7AB91-FD27-4F39-9729-8A1EEBE50B10}.Debug|Any CPU.Deploy.0 = Debug|Any CPU
		{2DD7AB91-FD27-4F39-9729-8A1EEBE50B10}.Debug|Mixed Platforms.ActiveCfg = Debug|Any CPU
		{2DD7AB91-FD27-4F39-9729-8A1EEBE50B10}.Debug|Mixed Platforms.Build.0 = Debug|Any CPU
		{2DD7AB91-FD27-4F39-9729-8A1EEBE50B10}.Debug|Mixed Platforms.Deploy.0 = Debug|Any CPU
		{2DD7AB91-FD27-4F39-9729-8A1EEBE50B10}.Debug|Windows Phone.ActiveCfg = Debug|Any CPU
		{2DD7AB91-FD27-4F39-9729-8A1EEBE50B10}.Release|Any CPU.ActiveCfg = Release|Any CPU
		{2DD7AB91-FD27-4F39-9729-8A1EEBE50B10}.Release|Any CPU.Build.0 = Release|Any CPU
		{2DD7AB91-FD27-4F39-9729-8A1EEBE50B10}.Release|Any CPU.Deploy.0 = Release|Any CPU
		{2DD7AB91-FD27-4F39-9729-8A1EEBE50B10}.Release|Mixed Platforms.ActiveCfg = Release|Any CPU
		{2DD7AB91-FD27-4F39-9729-8A1EEBE50B10}.Release|Mixed Platforms.Build.0 = Release|Any CPU
		{2DD7AB91-FD27-4F39-9729-8A1EEBE50B10}.Release|Mixed Platforms.Deploy.0 = Release|Any CPU
		{2DD7AB91-FD27-4F39-9729-8A1EEBE50B10}.Release|Windows Phone.ActiveCfg = Release|Any CPU
		{EE992FEA-8415-499E-9E8A-8FA2F3003FC4}.Debug|Any CPU.ActiveCfg = Debug|Windows Phone
		{EE992FEA-8415-499E-9E8A-8FA2F3003FC4}.Debug|Mixed Platforms.ActiveCfg = Debug|Windows Phone
		{EE992FEA-8415-499E-9E8A-8FA2F3003FC4}.Debug|Mixed Platforms.Build.0 = Debug|Windows Phone
		{EE992FEA-8415-499E-9E8A-8FA2F3003FC4}.Debug|Windows Phone.ActiveCfg = Debug|Windows Phone
		{EE992FEA-8415-499E-9E8A-8FA2F3003FC4}.Debug|Windows Phone.Build.0 = Debug|Windows Phone
		{EE992FEA-8415-499E-9E8A-8FA2F3003FC4}.Release|Any CPU.ActiveCfg = Release|Windows Phone
		{EE992FEA-8415-499E-9E8A-8FA2F3003FC4}.Release|Mixed Platforms.ActiveCfg = Release|Windows Phone
		{EE992FEA-8415-499E-9E8A-8FA2F3003FC4}.Release|Mixed Platforms.Build.0 = Release|Windows Phone
		{EE992FEA-8415-499E-9E8A-8FA2F3003FC4}.Release|Windows Phone.ActiveCfg = Release|Windows Phone
		{EE992FEA-8415-499E-9E8A-8FA2F3003FC4}.Release|Windows Phone.Build.0 = Release|Windows Phone
		{8A683650-5452-40C4-8C1C-BB73D59568E1}.Debug|Any CPU.ActiveCfg = Debug|Any CPU
		{8A683650-5452-40C4-8C1C-BB73D59568E1}.Debug|Mixed Platforms.ActiveCfg = Debug|Any CPU
		{8A683650-5452-40C4-8C1C-BB73D59568E1}.Debug|Windows Phone.ActiveCfg = Debug|Any CPU
		{8A683650-5452-40C4-8C1C-BB73D59568E1}.Release|Any CPU.ActiveCfg = Debug|Any CPU
		{8A683650-5452-40C4-8C1C-BB73D59568E1}.Release|Mixed Platforms.ActiveCfg = Debug|Any CPU
		{8A683650-5452-40C4-8C1C-BB73D59568E1}.Release|Windows Phone.ActiveCfg = Debug|Any CPU
	EndGlobalSection
	GlobalSection(SolutionProperties) = preSolution
		HideSolutionNode = FALSE
	EndGlobalSection
EndGlobal
