
Microsoft Visual Studio Solution File, Format Version 11.00
# Visual Studio 2010
Project("{FAE04EC0-301F-11D3-BF4B-00C04F79EFBC}") = "ARChess", "ARChess\ARChess.csproj", "{B5F2B77F-F3F4-4531-947B-49E913DFEE60}"
EndProject
Global
	GlobalSection(SolutionConfigurationPlatforms) = preSolution
		Debug|Any CPU = Debug|Any CPU
		Release|Any CPU = Release|Any CPU
	EndGlobalSection
	GlobalSection(ProjectConfigurationPlatforms) = postSolution
		{B5F2B77F-F3F4-4531-947B-49E913DFEE60}.Debug|Any CPU.ActiveCfg = Debug|Any CPU
		{B5F2B77F-F3F4-4531-947B-49E913DFEE60}.Debug|Any CPU.Build.0 = Debug|Any CPU
		{B5F2B77F-F3F4-4531-947B-49E913DFEE60}.Debug|Any CPU.Deploy.0 = Debug|Any CPU
		{B5F2B77F-F3F4-4531-947B-49E913DFEE60}.Release|Any CPU.ActiveCfg = Release|Any CPU
		{B5F2B77F-F3F4-4531-947B-49E913DFEE60}.Release|Any CPU.Build.0 = Release|Any CPU
		{B5F2B77F-F3F4-4531-947B-49E913DFEE60}.Release|Any CPU.Deploy.0 = Release|Any CPU
	EndGlobalSection
	GlobalSection(SolutionProperties) = preSolution
		HideSolutionNode = FALSE
	EndGlobalSection
EndGlobal
